
Microsoft Visual Studio Solution File, Format Version 12.00
# Visual Studio Version 16
VisualStudioVersion = 16.0.29306.81
MinimumVisualStudioVersion = 10.0.40219.1
Project("{FAE04EC0-301F-11D3-BF4B-00C04F79EFBC}") = "Labor1", "Labor1\Labor1.csproj", "{472E6AF0-B3E6-4F7E-90AC-258AE6452C06}"
EndProject
Project("{FAE04EC0-301F-11D3-BF4B-00C04F79EFBC}") = "Labor2", "Labor2\Labor2.csproj", "{32F1E6D2-F958-459E-B1FC-E10D9A73B5FF}"
EndProject
Global
	GlobalSection(SolutionConfigurationPlatforms) = preSolution
		Debug|Any CPU = Debug|Any CPU
		Release|Any CPU = Release|Any CPU
	EndGlobalSection
	GlobalSection(ProjectConfigurationPlatforms) = postSolution
		{472E6AF0-B3E6-4F7E-90AC-258AE6452C06}.Debug|Any CPU.ActiveCfg = Debug|Any CPU
		{472E6AF0-B3E6-4F7E-90AC-258AE6452C06}.Debug|Any CPU.Build.0 = Debug|Any CPU
		{472E6AF0-B3E6-4F7E-90AC-258AE6452C06}.Release|Any CPU.ActiveCfg = Release|Any CPU
		{472E6AF0-B3E6-4F7E-90AC-258AE6452C06}.Release|Any CPU.Build.0 = Release|Any CPU
		{32F1E6D2-F958-459E-B1FC-E10D9A73B5FF}.Debug|Any CPU.ActiveCfg = Debug|Any CPU
		{32F1E6D2-F958-459E-B1FC-E10D9A73B5FF}.Debug|Any CPU.Build.0 = Debug|Any CPU
		{32F1E6D2-F958-459E-B1FC-E10D9A73B5FF}.Release|Any CPU.ActiveCfg = Release|Any CPU
		{32F1E6D2-F958-459E-B1FC-E10D9A73B5FF}.Release|Any CPU.Build.0 = Release|Any CPU
	EndGlobalSection
	GlobalSection(SolutionProperties) = preSolution
		HideSolutionNode = FALSE
	EndGlobalSection
	GlobalSection(ExtensibilityGlobals) = postSolution
		SolutionGuid = {A0065768-64E1-4F1E-87FA-6C44ACC52A49}
	EndGlobalSection
EndGlobal
